
Microsoft Visual Studio Solution File, Format Version 12.00
# Visual Studio 15
VisualStudioVersion = 15.0.28307.168
MinimumVisualStudioVersion = 10.0.40219.1
Project("{FAE04EC0-301F-11D3-BF4B-00C04F79EFBC}") = "schoolApp-Noorkhzaimiah", "schoolApp-Noorkhzaimiah\schoolApp-Noorkhzaimiah.csproj", "{58E3E310-9D43-464A-9FDF-D6CAE6C1D64C}"
EndProject
Global
	GlobalSection(SolutionConfigurationPlatforms) = preSolution
		Debug|Any CPU = Debug|Any CPU
		Release|Any CPU = Release|Any CPU
	EndGlobalSection
	GlobalSection(ProjectConfigurationPlatforms) = postSolution
		{58E3E310-9D43-464A-9FDF-D6CAE6C1D64C}.Debug|Any CPU.ActiveCfg = Debug|Any CPU
		{58E3E310-9D43-464A-9FDF-D6CAE6C1D64C}.Debug|Any CPU.Build.0 = Debug|Any CPU
		{58E3E310-9D43-464A-9FDF-D6CAE6C1D64C}.Release|Any CPU.ActiveCfg = Release|Any CPU
		{58E3E310-9D43-464A-9FDF-D6CAE6C1D64C}.Release|Any CPU.Build.0 = Release|Any CPU
	EndGlobalSection
	GlobalSection(SolutionProperties) = preSolution
		HideSolutionNode = FALSE
	EndGlobalSection
	GlobalSection(ExtensibilityGlobals) = postSolution
		SolutionGuid = {A4B229E5-D3EE-444D-AF3F-7E52B2FD2E7C}
	EndGlobalSection
EndGlobal
